
Microsoft Visual Studio Solution File, Format Version 12.00
# Visual Studio Version 16
VisualStudioVersion = 16.0.31424.327
MinimumVisualStudioVersion = 10.0.40219.1
Project("{FAE04EC0-301F-11D3-BF4B-00C04F79EFBC}") = "U-up", "U-up.csproj", "{5B6616F4-4286-4851-9067-DA032DF1AF72}"
EndProject
Global
	GlobalSection(SolutionConfigurationPlatforms) = preSolution
		Debug|Any CPU = Debug|Any CPU
		Release|Any CPU = Release|Any CPU
	EndGlobalSection
	GlobalSection(ProjectConfigurationPlatforms) = postSolution
		{5B6616F4-4286-4851-9067-DA032DF1AF72}.Debug|Any CPU.ActiveCfg = Debug|Any CPU
		{5B6616F4-4286-4851-9067-DA032DF1AF72}.Debug|Any CPU.Build.0 = Debug|Any CPU
		{5B6616F4-4286-4851-9067-DA032DF1AF72}.Release|Any CPU.ActiveCfg = Release|Any CPU
		{5B6616F4-4286-4851-9067-DA032DF1AF72}.Release|Any CPU.Build.0 = Release|Any CPU
	EndGlobalSection
	GlobalSection(SolutionProperties) = preSolution
		HideSolutionNode = FALSE
	EndGlobalSection
	GlobalSection(ExtensibilityGlobals) = postSolution
		SolutionGuid = {35F8165D-1133-47EE-9E52-7B65547018D3}
	EndGlobalSection
EndGlobal
